
Microsoft Visual Studio Solution File, Format Version 12.00
# Visual Studio Version 17
VisualStudioVersion = 17.2.32616.157
MinimumVisualStudioVersion = 10.0.40219.1
Project("{FAE04EC0-301F-11D3-BF4B-00C04F79EFBC}") = "BaseNet.Core", "src\MarkCore.Models\BaseNet.Core.csproj", "{944742F3-464F-4A77-B0FE-6CAEF0D8B27F}"
EndProject
Project("{2150E333-8FDC-42A3-9474-1A3956D46DE8}") = "src", "src", "{1629DFA5-1D80-4B9F-9AC4-6A5B3D2A15B1}"
EndProject
Project("{2150E333-8FDC-42A3-9474-1A3956D46DE8}") = "test", "test", "{31EAB7DA-1C6F-49F3-8CA3-34FDB469C14C}"
EndProject
Project("{FAE04EC0-301F-11D3-BF4B-00C04F79EFBC}") = "BaseNet.Core.Test", "test\BaseNet.Core.Test\BaseNet.Core.Test.csproj", "{3BBC66C8-6417-46D1-9931-D9170BDA6D18}"
EndProject
Project("{FAE04EC0-301F-11D3-BF4B-00C04F79EFBC}") = "BaseNet.Infrastructure", "src\BaseNet.Infrastructure\BaseNet.Infrastructure.csproj", "{A47441AF-BEDD-479D-9B6E-7602E62FD04C}"
EndProject
Global
	GlobalSection(SolutionConfigurationPlatforms) = preSolution
		Debug|Any CPU = Debug|Any CPU
		Release|Any CPU = Release|Any CPU
	EndGlobalSection
	GlobalSection(ProjectConfigurationPlatforms) = postSolution
		{944742F3-464F-4A77-B0FE-6CAEF0D8B27F}.Debug|Any CPU.ActiveCfg = Debug|Any CPU
		{944742F3-464F-4A77-B0FE-6CAEF0D8B27F}.Debug|Any CPU.Build.0 = Debug|Any CPU
		{944742F3-464F-4A77-B0FE-6CAEF0D8B27F}.Release|Any CPU.ActiveCfg = Release|Any CPU
		{944742F3-464F-4A77-B0FE-6CAEF0D8B27F}.Release|Any CPU.Build.0 = Release|Any CPU
		{3BBC66C8-6417-46D1-9931-D9170BDA6D18}.Debug|Any CPU.ActiveCfg = Debug|Any CPU
		{3BBC66C8-6417-46D1-9931-D9170BDA6D18}.Debug|Any CPU.Build.0 = Debug|Any CPU
		{3BBC66C8-6417-46D1-9931-D9170BDA6D18}.Release|Any CPU.ActiveCfg = Release|Any CPU
		{3BBC66C8-6417-46D1-9931-D9170BDA6D18}.Release|Any CPU.Build.0 = Release|Any CPU
		{A47441AF-BEDD-479D-9B6E-7602E62FD04C}.Debug|Any CPU.ActiveCfg = Debug|Any CPU
		{A47441AF-BEDD-479D-9B6E-7602E62FD04C}.Debug|Any CPU.Build.0 = Debug|Any CPU
		{A47441AF-BEDD-479D-9B6E-7602E62FD04C}.Release|Any CPU.ActiveCfg = Release|Any CPU
		{A47441AF-BEDD-479D-9B6E-7602E62FD04C}.Release|Any CPU.Build.0 = Release|Any CPU
	EndGlobalSection
	GlobalSection(SolutionProperties) = preSolution
		HideSolutionNode = FALSE
	EndGlobalSection
	GlobalSection(NestedProjects) = preSolution
		{944742F3-464F-4A77-B0FE-6CAEF0D8B27F} = {1629DFA5-1D80-4B9F-9AC4-6A5B3D2A15B1}
		{3BBC66C8-6417-46D1-9931-D9170BDA6D18} = {31EAB7DA-1C6F-49F3-8CA3-34FDB469C14C}
		{A47441AF-BEDD-479D-9B6E-7602E62FD04C} = {1629DFA5-1D80-4B9F-9AC4-6A5B3D2A15B1}
	EndGlobalSection
	GlobalSection(ExtensibilityGlobals) = postSolution
		SolutionGuid = {C2CA83FA-B7B2-4C4C-B33A-746F08041586}
	EndGlobalSection
EndGlobal
